// !$*UTF8*$!
{
	archiveVersion = 1;
	classes = {
	};
	objectVersion = 46;
	objects = {

/* Begin PBXBuildFile section */
		3B7F9BBBADA6211CECBA0BD5 /* Pods_VdubApp.framework in Frameworks */ = {isa = PBXBuildFile; fileRef = 7F84F1E7E0FAB4EDAF1E9E01 /* Pods_VdubApp.framework */; };
		CECFB3021C6677A300BF57DF /* MealTableViewController.swift in Sources */ = {isa = PBXBuildFile; fileRef = CECFB3011C6677A300BF57DF /* MealTableViewController.swift */; };
		CEF0B1061C6726F4003EA6A2 /* DiningHoursViewController.swift in Sources */ = {isa = PBXBuildFile; fileRef = CEF0B1051C6726F4003EA6A2 /* DiningHoursViewController.swift */; };
		CEF0B1081C672C73003EA6A2 /* home.html in Resources */ = {isa = PBXBuildFile; fileRef = CEF0B1071C672C73003EA6A2 /* home.html */; };
		FA89BACD1C67970E0052700E /* FavFoodTableViewController.swift in Sources */ = {isa = PBXBuildFile; fileRef = FA89BACC1C67970E0052700E /* FavFoodTableViewController.swift */; };
		FA89BACF1C6797C20052700E /* FavoritesSingleton.swift in Sources */ = {isa = PBXBuildFile; fileRef = FA89BACE1C6797C20052700E /* FavoritesSingleton.swift */; };
		FA9025131C66ADBD005469B5 /* MenuSingleton.swift in Sources */ = {isa = PBXBuildFile; fileRef = FA9025121C66ADBD005469B5 /* MenuSingleton.swift */; };
		FAE951161C66675400619760 /* AppDelegate.swift in Sources */ = {isa = PBXBuildFile; fileRef = FAE951151C66675400619760 /* AppDelegate.swift */; };
		FAE9511B1C66675500619760 /* Main.storyboard in Resources */ = {isa = PBXBuildFile; fileRef = FAE951191C66675500619760 /* Main.storyboard */; };
		FAE9511D1C66675500619760 /* Assets.xcassets in Resources */ = {isa = PBXBuildFile; fileRef = FAE9511C1C66675500619760 /* Assets.xcassets */; };
		FAE951201C66675500619760 /* LaunchScreen.storyboard in Resources */ = {isa = PBXBuildFile; fileRef = FAE9511E1C66675500619760 /* LaunchScreen.storyboard */; };
		FAE9512A1C6689D600619760 /* TabBarController.swift in Sources */ = {isa = PBXBuildFile; fileRef = FAE951291C6689D600619760 /* TabBarController.swift */; };
		FAE951361C6694EC00619760 /* MenuNSURLSession.swift in Sources */ = {isa = PBXBuildFile; fileRef = FAE951351C6694EC00619760 /* MenuNSURLSession.swift */; };
/* End PBXBuildFile section */

/* Begin PBXFileReference section */
		1624BF0652011077144810DF /* Pods-VdubApp.release.xcconfig */ = {isa = PBXFileReference; includeInIndex = 1; lastKnownFileType = text.xcconfig; name = "Pods-VdubApp.release.xcconfig"; path = "Pods/Target Support Files/Pods-VdubApp/Pods-VdubApp.release.xcconfig"; sourceTree = "<group>"; };
		7F84F1E7E0FAB4EDAF1E9E01 /* Pods_VdubApp.framework */ = {isa = PBXFileReference; explicitFileType = wrapper.framework; includeInIndex = 0; path = Pods_VdubApp.framework; sourceTree = BUILT_PRODUCTS_DIR; };
		A6DD59B2476E03F3BC2B0F57 /* Pods-VdubApp.debug.xcconfig */ = {isa = PBXFileReference; includeInIndex = 1; lastKnownFileType = text.xcconfig; name = "Pods-VdubApp.debug.xcconfig"; path = "Pods/Target Support Files/Pods-VdubApp/Pods-VdubApp.debug.xcconfig"; sourceTree = "<group>"; };
		CECFB3011C6677A300BF57DF /* MealTableViewController.swift */ = {isa = PBXFileReference; fileEncoding = 4; lastKnownFileType = sourcecode.swift; path = MealTableViewController.swift; sourceTree = "<group>"; };
		CEF0B1051C6726F4003EA6A2 /* DiningHoursViewController.swift */ = {isa = PBXFileReference; fileEncoding = 4; lastKnownFileType = sourcecode.swift; path = DiningHoursViewController.swift; sourceTree = "<group>"; };
		CEF0B1071C672C73003EA6A2 /* home.html */ = {isa = PBXFileReference; fileEncoding = 4; lastKnownFileType = text.html; path = home.html; sourceTree = "<group>"; };
		FA89BACC1C67970E0052700E /* FavFoodTableViewController.swift */ = {isa = PBXFileReference; fileEncoding = 4; lastKnownFileType = sourcecode.swift; path = FavFoodTableViewController.swift; sourceTree = "<group>"; };
		FA89BACE1C6797C20052700E /* FavoritesSingleton.swift */ = {isa = PBXFileReference; fileEncoding = 4; lastKnownFileType = sourcecode.swift; path = FavoritesSingleton.swift; sourceTree = "<group>"; };
		FA9025121C66ADBD005469B5 /* MenuSingleton.swift */ = {isa = PBXFileReference; fileEncoding = 4; lastKnownFileType = sourcecode.swift; path = MenuSingleton.swift; sourceTree = "<group>"; };
		FAE951121C66675400619760 /* VdubApp.app */ = {isa = PBXFileReference; explicitFileType = wrapper.application; includeInIndex = 0; path = VdubApp.app; sourceTree = BUILT_PRODUCTS_DIR; };
		FAE951151C66675400619760 /* AppDelegate.swift */ = {isa = PBXFileReference; lastKnownFileType = sourcecode.swift; path = AppDelegate.swift; sourceTree = "<group>"; };
		FAE9511A1C66675500619760 /* Base */ = {isa = PBXFileReference; lastKnownFileType = file.storyboard; name = Base; path = Base.lproj/Main.storyboard; sourceTree = "<group>"; };
		FAE9511C1C66675500619760 /* Assets.xcassets */ = {isa = PBXFileReference; lastKnownFileType = folder.assetcatalog; path = Assets.xcassets; sourceTree = "<group>"; };
		FAE9511F1C66675500619760 /* Base */ = {isa = PBXFileReference; lastKnownFileType = file.storyboard; name = Base; path = Base.lproj/LaunchScreen.storyboard; sourceTree = "<group>"; };
		FAE951211C66675500619760 /* Info.plist */ = {isa = PBXFileReference; lastKnownFileType = text.plist.xml; path = Info.plist; sourceTree = "<group>"; };
		FAE951291C6689D600619760 /* TabBarController.swift */ = {isa = PBXFileReference; fileEncoding = 4; lastKnownFileType = sourcecode.swift; path = TabBarController.swift; sourceTree = "<group>"; };
		FAE951351C6694EC00619760 /* MenuNSURLSession.swift */ = {isa = PBXFileReference; fileEncoding = 4; lastKnownFileType = sourcecode.swift; path = MenuNSURLSession.swift; sourceTree = "<group>"; };
/* End PBXFileReference section */

/* Begin PBXFrameworksBuildPhase section */
		FAE9510F1C66675400619760 /* Frameworks */ = {
			isa = PBXFrameworksBuildPhase;
			buildActionMask = 2147483647;
			files = (
				3B7F9BBBADA6211CECBA0BD5 /* Pods_VdubApp.framework in Frameworks */,
			);
			runOnlyForDeploymentPostprocessing = 0;
		};
/* End PBXFrameworksBuildPhase section */

/* Begin PBXGroup section */
		10A2D77DF63E958F948149B7 /* Pods */ = {
			isa = PBXGroup;
			children = (
				A6DD59B2476E03F3BC2B0F57 /* Pods-VdubApp.debug.xcconfig */,
				1624BF0652011077144810DF /* Pods-VdubApp.release.xcconfig */,
			);
			name = Pods;
			sourceTree = "<group>";
		};
		75E82F7CE53BBD2ACA9D621B /* Frameworks */ = {
			isa = PBXGroup;
			children = (
				7F84F1E7E0FAB4EDAF1E9E01 /* Pods_VdubApp.framework */,
			);
			name = Frameworks;
			sourceTree = "<group>";
		};
		FAE951091C66675400619760 = {
			isa = PBXGroup;
			children = (
				FAE951141C66675400619760 /* VdubApp */,
				FAE951131C66675400619760 /* Products */,
				10A2D77DF63E958F948149B7 /* Pods */,
				75E82F7CE53BBD2ACA9D621B /* Frameworks */,
			);
			sourceTree = "<group>";
		};
		FAE951131C66675400619760 /* Products */ = {
			isa = PBXGroup;
			children = (
				FAE951121C66675400619760 /* VdubApp.app */,
			);
			name = Products;
			sourceTree = "<group>";
		};
		FAE951141C66675400619760 /* VdubApp */ = {
			isa = PBXGroup;
			children = (
				CEF0B1071C672C73003EA6A2 /* home.html */,
				CEF0B1051C6726F4003EA6A2 /* DiningHoursViewController.swift */,
				CECFB3011C6677A300BF57DF /* MealTableViewController.swift */,
				FAE951151C66675400619760 /* AppDelegate.swift */,
				FAE951191C66675500619760 /* Main.storyboard */,
				FAE9511C1C66675500619760 /* Assets.xcassets */,
				FAE9511E1C66675500619760 /* LaunchScreen.storyboard */,
				FAE951211C66675500619760 /* Info.plist */,
				FAE951291C6689D600619760 /* TabBarController.swift */,
				FAE951351C6694EC00619760 /* MenuNSURLSession.swift */,
				FA9025121C66ADBD005469B5 /* MenuSingleton.swift */,
				FA89BACC1C67970E0052700E /* FavFoodTableViewController.swift */,
				FA89BACE1C6797C20052700E /* FavoritesSingleton.swift */,
			);
			path = VdubApp;
			sourceTree = "<group>";
		};
/* End PBXGroup section */

/* Begin PBXNativeTarget section */
		FAE951111C66675400619760 /* VdubApp */ = {
			isa = PBXNativeTarget;
			buildConfigurationList = FAE951241C66675500619760 /* Build configuration list for PBXNativeTarget "VdubApp" */;
			buildPhases = (
				29C69C35C2288D4353440470 /* Check Pods Manifest.lock */,
				FAE9510E1C66675400619760 /* Sources */,
				FAE9510F1C66675400619760 /* Frameworks */,
				FAE951101C66675400619760 /* Resources */,
				A4815DD6D615EF2C8B6CC7AD /* Embed Pods Frameworks */,
				3D82897C6354D1962A3B5461 /* Copy Pods Resources */,
			);
			buildRules = (
			);
			dependencies = (
			);
			name = VdubApp;
			productName = VdubApp;
			productReference = FAE951121C66675400619760 /* VdubApp.app */;
			productType = "com.apple.product-type.application";
		};
/* End PBXNativeTarget section */

/* Begin PBXProject section */
		FAE9510A1C66675400619760 /* Project object */ = {
			isa = PBXProject;
			attributes = {
				LastSwiftUpdateCheck = 0720;
				LastUpgradeCheck = 0720;
				ORGANIZATIONNAME = Alex;
				TargetAttributes = {
					FAE951111C66675400619760 = {
						CreatedOnToolsVersion = 7.2;
						DevelopmentTeam = H45858NW8B;
					};
				};
			};
			buildConfigurationList = FAE9510D1C66675400619760 /* Build configuration list for PBXProject "VdubApp" */;
			compatibilityVersion = "Xcode 3.2";
			developmentRegion = English;
			hasScannedForEncodings = 0;
			knownRegions = (
				en,
				Base,
			);
			mainGroup = FAE951091C66675400619760;
			productRefGroup = FAE951131C66675400619760 /* Products */;
			projectDirPath = "";
			projectRoot = "";
			targets = (
				FAE951111C66675400619760 /* VdubApp */,
			);
		};
/* End PBXProject section */

/* Begin PBXResourcesBuildPhase section */
		FAE951101C66675400619760 /* Resources */ = {
			isa = PBXResourcesBuildPhase;
			buildActionMask = 2147483647;
			files = (
				FAE951201C66675500619760 /* LaunchScreen.storyboard in Resources */,
				CEF0B1081C672C73003EA6A2 /* home.html in Resources */,
				FAE9511D1C66675500619760 /* Assets.xcassets in Resources */,
				FAE9511B1C66675500619760 /* Main.storyboard in Resources */,
			);
			runOnlyForDeploymentPostprocessing = 0;
		};
/* End PBXResourcesBuildPhase section */

/* Begin PBXShellScriptBuildPhase section */
		29C69C35C2288D4353440470 /* Check Pods Manifest.lock */ = {
			isa = PBXShellScriptBuildPhase;
			buildActionMask = 2147483647;
			files = (
			);
			inputPaths = (
			);
			name = "Check Pods Manifest.lock";
			outputPaths = (
			);
			runOnlyForDeploymentPostprocessing = 0;
			shellPath = /bin/sh;
			shellScript = "diff \"${PODS_ROOT}/../Podfile.lock\" \"${PODS_ROOT}/Manifest.lock\" > /dev/null\nif [[ $? != 0 ]] ; then\n    cat << EOM\nerror: The sandbox is not in sync with the Podfile.lock. Run 'pod install' or update your CocoaPods installation.\nEOM\n    exit 1\nfi\n";
			showEnvVarsInLog = 0;
		};
		3D82897C6354D1962A3B5461 /* Copy Pods Resources */ = {
			isa = PBXShellScriptBuildPhase;
			buildActionMask = 2147483647;
			files = (
			);
			inputPaths = (
			);
			name = "Copy Pods Resources";
			outputPaths = (
			);
			runOnlyForDeploymentPostprocessing = 0;
			shellPath = /bin/sh;
			shellScript = "\"${SRCROOT}/Pods/Target Support Files/Pods-VdubApp/Pods-VdubApp-resources.sh\"\n";
			showEnvVarsInLog = 0;
		};
		A4815DD6D615EF2C8B6CC7AD /* Embed Pods Frameworks */ = {
			isa = PBXShellScriptBuildPhase;
			buildActionMask = 2147483647;
			files = (
			);
			inputPaths = (
			);
			name = "Embed Pods Frameworks";
			outputPaths = (
			);
			runOnlyForDeploymentPostprocessing = 0;
			shellPath = /bin/sh;
			shellScript = "\"${SRCROOT}/Pods/Target Support Files/Pods-VdubApp/Pods-VdubApp-frameworks.sh\"\n";
			showEnvVarsInLog = 0;
		};
/* End PBXShellScriptBuildPhase section */

/* Begin PBXSourcesBuildPhase section */
		FAE9510E1C66675400619760 /* Sources */ = {
			isa = PBXSourcesBuildPhase;
			buildActionMask = 2147483647;
			files = (
				FAE9512A1C6689D600619760 /* TabBarController.swift in Sources */,
				CECFB3021C6677A300BF57DF /* MealTableViewController.swift in Sources */,
				FAE951361C6694EC00619760 /* MenuNSURLSession.swift in Sources */,
				FAE951161C66675400619760 /* AppDelegate.swift in Sources */,
				CEF0B1061C6726F4003EA6A2 /* DiningHoursViewController.swift in Sources */,
				FA9025131C66ADBD005469B5 /* MenuSingleton.swift in Sources */,
				FA89BACD1C67970E0052700E /* FavFoodTableViewController.swift in Sources */,
				FA89BACF1C6797C20052700E /* FavoritesSingleton.swift in Sources */,
			);
			runOnlyForDeploymentPostprocessing = 0;
		};
/* End PBXSourcesBuildPhase section */

/* Begin PBXVariantGroup section */
		FAE951191C66675500619760 /* Main.storyboard */ = {
			isa = PBXVariantGroup;
			children = (
				FAE9511A1C66675500619760 /* Base */,
			);
			name = Main.storyboard;
			sourceTree = "<group>";
		};
		FAE9511E1C66675500619760 /* LaunchScreen.storyboard */ = {
			isa = PBXVariantGroup;
			children = (
				FAE9511F1C66675500619760 /* Base */,
			);
			name = LaunchScreen.storyboard;
			sourceTree = "<group>";
		};
/* End PBXVariantGroup section */

/* Begin XCBuildConfiguration section */
		FAE951221C66675500619760 /* Debug */ = {
			isa = XCBuildConfiguration;
			buildSettings = {
				ALWAYS_SEARCH_USER_PATHS = NO;
				CLANG_CXX_LANGUAGE_STANDARD = "gnu++0x";
				CLANG_CXX_LIBRARY = "libc++";
				CLANG_ENABLE_MODULES = YES;
				CLANG_ENABLE_OBJC_ARC = YES;
				CLANG_WARN_BOOL_CONVERSION = YES;
				CLANG_WARN_CONSTANT_CONVERSION = YES;
				CLANG_WARN_DIRECT_OBJC_ISA_USAGE = YES_ERROR;
				CLANG_WARN_EMPTY_BODY = YES;
				CLANG_WARN_ENUM_CONVERSION = YES;
				CLANG_WARN_INT_CONVERSION = YES;
				CLANG_WARN_OBJC_ROOT_CLASS = YES_ERROR;
				CLANG_WARN_UNREACHABLE_CODE = YES;
				CLANG_WARN__DUPLICATE_METHOD_MATCH = YES;
				"CODE_SIGN_IDENTITY[sdk=iphoneos*]" = "iPhone Developer";
				COPY_PHASE_STRIP = NO;
				DEBUG_INFORMATION_FORMAT = dwarf;
				ENABLE_STRICT_OBJC_MSGSEND = YES;
				ENABLE_TESTABILITY = YES;
				GCC_C_LANGUAGE_STANDARD = gnu99;
				GCC_DYNAMIC_NO_PIC = NO;
				GCC_NO_COMMON_BLOCKS = YES;
				GCC_OPTIMIZATION_LEVEL = 0;
				GCC_PREPROCESSOR_DEFINITIONS = (
					"DEBUG=1",
					"$(inherited)",
				);
				GCC_WARN_64_TO_32_BIT_CONVERSION = YES;
				GCC_WARN_ABOUT_RETURN_TYPE = YES_ERROR;
				GCC_WARN_UNDECLARED_SELECTOR = YES;
				GCC_WARN_UNINITIALIZED_AUTOS = YES_AGGRESSIVE;
				GCC_WARN_UNUSED_FUNCTION = YES;
				GCC_WARN_UNUSED_VARIABLE = YES;
				IPHONEOS_DEPLOYMENT_TARGET = 9.2;
				MTL_ENABLE_DEBUG_INFO = YES;
				ONLY_ACTIVE_ARCH = YES;
				SDKROOT = iphoneos;
				SWIFT_OPTIMIZATION_LEVEL = "-Onone";
				TARGETED_DEVICE_FAMILY = "1,2";
			};
			name = Debug;
		};
		FAE951231C66675500619760 /* Release */ = {
			isa = XCBuildConfiguration;
			buildSettings = {
				ALWAYS_SEARCH_USER_PATHS = NO;
				CLANG_CXX_LANGUAGE_STANDARD = "gnu++0x";
				CLANG_CXX_LIBRARY = "libc++";
				CLANG_ENABLE_MODULES = YES;
				CLANG_ENABLE_OBJC_ARC = YES;
				CLANG_WARN_BOOL_CONVERSION = YES;
				CLANG_WARN_CONSTANT_CONVERSION = YES;
				CLANG_WARN_DIRECT_OBJC_ISA_USAGE = YES_ERROR;
				CLANG_WARN_EMPTY_BODY = YES;
				CLANG_WARN_ENUM_CONVERSION = YES;
				CLANG_WARN_INT_CONVERSION = YES;
				CLANG_WARN_OBJC_ROOT_CLASS = YES_ERROR;
				CLANG_WARN_UNREACHABLE_CODE = YES;
				CLANG_WARN__DUPLICATE_METHOD_MATCH = YES;
				"CODE_SIGN_IDENTITY[sdk=iphoneos*]" = "iPhone Developer";
				COPY_PHASE_STRIP = NO;
				DEBUG_INFORMATION_FORMAT = "dwarf-with-dsym";
				ENABLE_NS_ASSERTIONS = NO;
				ENABLE_STRICT_OBJC_MSGSEND = YES;
				GCC_C_LANGUAGE_STANDARD = gnu99;
				GCC_NO_COMMON_BLOCKS = YES;
				GCC_WARN_64_TO_32_BIT_CONVERSION = YES;
				GCC_WARN_ABOUT_RETURN_TYPE = YES_ERROR;
				GCC_WARN_UNDECLARED_SELECTOR = YES;
				GCC_WARN_UNINITIALIZED_AUTOS = YES_AGGRESSIVE;
				GCC_WARN_UNUSED_FUNCTION = YES;
				GCC_WARN_UNUSED_VARIABLE = YES;
				IPHONEOS_DEPLOYMENT_TARGET = 9.2;
				MTL_ENABLE_DEBUG_INFO = NO;
				SDKROOT = iphoneos;
				TARGETED_DEVICE_FAMILY = "1,2";
				VALIDATE_PRODUCT = YES;
			};
			name = Release;
		};
		FAE951251C66675500619760 /* Debug */ = {
			isa = XCBuildConfiguration;
			baseConfigurationReference = A6DD59B2476E03F3BC2B0F57 /* Pods-VdubApp.debug.xcconfig */;
			buildSettings = {
				ASSETCATALOG_COMPILER_APPICON_NAME = AppIcon;
				CODE_SIGN_IDENTITY = "iPhone Developer";
				"CODE_SIGN_IDENTITY[sdk=iphoneos*]" = "iPhone Developer";
				INFOPLIST_FILE = VdubApp/Info.plist;
				IPHONEOS_DEPLOYMENT_TARGET = 8.0;
				LD_RUNPATH_SEARCH_PATHS = "$(inherited) @executable_path/Frameworks";
				PRODUCT_BUNDLE_IDENTIFIER = com.alex.VdubApp.app;
				PRODUCT_NAME = "$(TARGET_NAME)";
				PROVISIONING_PROFILE = "";
				TARGETED_DEVICE_FAMILY = 1;
			};
			name = Debug;
		};
		FAE951261C66675500619760 /* Release */ = {
			isa = XCBuildConfiguration;
			baseConfigurationReference = 1624BF0652011077144810DF /* Pods-VdubApp.release.xcconfig */;
			buildSettings = {
				ASSETCATALOG_COMPILER_APPICON_NAME = AppIcon;
				CODE_SIGN_IDENTITY = "iPhone Developer";
				"CODE_SIGN_IDENTITY[sdk=iphoneos*]" = "iPhone Developer";
				INFOPLIST_FILE = VdubApp/Info.plist;
				IPHONEOS_DEPLOYMENT_TARGET = 8.0;
				LD_RUNPATH_SEARCH_PATHS = "$(inherited) @executable_path/Frameworks";
				PRODUCT_BUNDLE_IDENTIFIER = com.alex.VdubApp.app;
				PRODUCT_NAME = "$(TARGET_NAME)";
				PROVISIONING_PROFILE = "";
				TARGETED_DEVICE_FAMILY = 1;
			};
			name = Release;
		};
/* End XCBuildConfiguration section */

/* Begin XCConfigurationList section */
		FAE9510D1C66675400619760 /* Build configuration list for PBXProject "VdubApp" */ = {
			isa = XCConfigurationList;
			buildConfigurations = (
				FAE951221C66675500619760 /* Debug */,
				FAE951231C66675500619760 /* Release */,
			);
			defaultConfigurationIsVisible = 0;
			defaultConfigurationName = Release;
		};
		FAE951241C66675500619760 /* Build configuration list for PBXNativeTarget "VdubApp" */ = {
			isa = XCConfigurationList;
			buildConfigurations = (
				FAE951251C66675500619760 /* Debug */,
				FAE951261C66675500619760 /* Release */,
			);
			defaultConfigurationIsVisible = 0;
			defaultConfigurationName = Release;
		};
/* End XCConfigurationList section */
	};
	rootObject = FAE9510A1C66675400619760 /* Project object */;
}
